// !$*UTF8*$!
{
	archiveVersion = 1;
	classes = {
	};
	objectVersion = 50;
	objects = {

/* Begin PBXBuildFile section */
		14F14CA923317FE6001781DE /* AppDelegate.swift in Sources */ = {isa = PBXBuildFile; fileRef = 14F14CA823317FE6001781DE /* AppDelegate.swift */; };
		14F14CAE23317FE6001781DE /* Main.storyboard in Resources */ = {isa = PBXBuildFile; fileRef = 14F14CAC23317FE6001781DE /* Main.storyboard */; };
		14F14CB023317FE7001781DE /* Assets.xcassets in Resources */ = {isa = PBXBuildFile; fileRef = 14F14CAF23317FE7001781DE /* Assets.xcassets */; };
		14F14CB323317FE7001781DE /* LaunchScreen.storyboard in Resources */ = {isa = PBXBuildFile; fileRef = 14F14CB123317FE7001781DE /* LaunchScreen.storyboard */; };
		14F14CBE23317FE7001781DE /* Tumblr_Part_1Tests.swift in Sources */ = {isa = PBXBuildFile; fileRef = 14F14CBD23317FE7001781DE /* Tumblr_Part_1Tests.swift */; };
		14F14CC923317FE7001781DE /* Tumblr_Part_1UITests.swift in Sources */ = {isa = PBXBuildFile; fileRef = 14F14CC823317FE7001781DE /* Tumblr_Part_1UITests.swift */; };
		14F14CD723318071001781DE /* PhotosViewController.swift in Sources */ = {isa = PBXBuildFile; fileRef = 14F14CD623318071001781DE /* PhotosViewController.swift */; };
		14F14CD923318BF6001781DE /* PhotoCell.swift in Sources */ = {isa = PBXBuildFile; fileRef = 14F14CD823318BF6001781DE /* PhotoCell.swift */; };
		1EA749A19D36C5FEFBDCBEF9 /* Pods_Tumblr_Part_1Tests.framework in Frameworks */ = {isa = PBXBuildFile; fileRef = EFCD14DF5E2683019EE82C8B /* Pods_Tumblr_Part_1Tests.framework */; };
		9D92D9660712F03F628F6A2D /* Pods_Tumblr_Part_1UITests.framework in Frameworks */ = {isa = PBXBuildFile; fileRef = 3A81735C76A0C461FE05263F /* Pods_Tumblr_Part_1UITests.framework */; };
		B077A73BA273F78335EACD26 /* Pods_Tumblr_Part_1.framework in Frameworks */ = {isa = PBXBuildFile; fileRef = 6495FAD8464D5B24699E75F5 /* Pods_Tumblr_Part_1.framework */; };
/* End PBXBuildFile section */

/* Begin PBXContainerItemProxy section */
		14F14CBA23317FE7001781DE /* PBXContainerItemProxy */ = {
			isa = PBXContainerItemProxy;
			containerPortal = 14F14C9D23317FE6001781DE /* Project object */;
			proxyType = 1;
			remoteGlobalIDString = 14F14CA423317FE6001781DE;
			remoteInfo = "Tumblr Part 1";
		};
		14F14CC523317FE7001781DE /* PBXContainerItemProxy */ = {
			isa = PBXContainerItemProxy;
			containerPortal = 14F14C9D23317FE6001781DE /* Project object */;
			proxyType = 1;
			remoteGlobalIDString = 14F14CA423317FE6001781DE;
			remoteInfo = "Tumblr Part 1";
		};
/* End PBXContainerItemProxy section */

/* Begin PBXFileReference section */
		14F14CA523317FE6001781DE /* Tumblr Part 1.app */ = {isa = PBXFileReference; explicitFileType = wrapper.application; includeInIndex = 0; path = "Tumblr Part 1.app"; sourceTree = BUILT_PRODUCTS_DIR; };
		14F14CA823317FE6001781DE /* AppDelegate.swift */ = {isa = PBXFileReference; lastKnownFileType = sourcecode.swift; path = AppDelegate.swift; sourceTree = "<group>"; };
		14F14CAD23317FE6001781DE /* Base */ = {isa = PBXFileReference; lastKnownFileType = file.storyboard; name = Base; path = Base.lproj/Main.storyboard; sourceTree = "<group>"; };
		14F14CAF23317FE7001781DE /* Assets.xcassets */ = {isa = PBXFileReference; lastKnownFileType = folder.assetcatalog; path = Assets.xcassets; sourceTree = "<group>"; };
		14F14CB223317FE7001781DE /* Base */ = {isa = PBXFileReference; lastKnownFileType = file.storyboard; name = Base; path = Base.lproj/LaunchScreen.storyboard; sourceTree = "<group>"; };
		14F14CB423317FE7001781DE /* Info.plist */ = {isa = PBXFileReference; lastKnownFileType = text.plist.xml; path = Info.plist; sourceTree = "<group>"; };
		14F14CB923317FE7001781DE /* Tumblr Part 1Tests.xctest */ = {isa = PBXFileReference; explicitFileType = wrapper.cfbundle; includeInIndex = 0; path = "Tumblr Part 1Tests.xctest"; sourceTree = BUILT_PRODUCTS_DIR; };
		14F14CBD23317FE7001781DE /* Tumblr_Part_1Tests.swift */ = {isa = PBXFileReference; lastKnownFileType = sourcecode.swift; path = Tumblr_Part_1Tests.swift; sourceTree = "<group>"; };
		14F14CBF23317FE7001781DE /* Info.plist */ = {isa = PBXFileReference; lastKnownFileType = text.plist.xml; path = Info.plist; sourceTree = "<group>"; };
		14F14CC423317FE7001781DE /* Tumblr Part 1UITests.xctest */ = {isa = PBXFileReference; explicitFileType = wrapper.cfbundle; includeInIndex = 0; path = "Tumblr Part 1UITests.xctest"; sourceTree = BUILT_PRODUCTS_DIR; };
		14F14CC823317FE7001781DE /* Tumblr_Part_1UITests.swift */ = {isa = PBXFileReference; lastKnownFileType = sourcecode.swift; path = Tumblr_Part_1UITests.swift; sourceTree = "<group>"; };
		14F14CCA23317FE7001781DE /* Info.plist */ = {isa = PBXFileReference; lastKnownFileType = text.plist.xml; path = Info.plist; sourceTree = "<group>"; };
		14F14CD623318071001781DE /* PhotosViewController.swift */ = {isa = PBXFileReference; lastKnownFileType = sourcecode.swift; path = PhotosViewController.swift; sourceTree = "<group>"; };
		14F14CD823318BF6001781DE /* PhotoCell.swift */ = {isa = PBXFileReference; lastKnownFileType = sourcecode.swift; path = PhotoCell.swift; sourceTree = "<group>"; };
		2B94E4F8FA5133C499B85116 /* Pods-Tumblr Part 1UITests.debug.xcconfig */ = {isa = PBXFileReference; includeInIndex = 1; lastKnownFileType = text.xcconfig; name = "Pods-Tumblr Part 1UITests.debug.xcconfig"; path = "Target Support Files/Pods-Tumblr Part 1UITests/Pods-Tumblr Part 1UITests.debug.xcconfig"; sourceTree = "<group>"; };
		3A81735C76A0C461FE05263F /* Pods_Tumblr_Part_1UITests.framework */ = {isa = PBXFileReference; explicitFileType = wrapper.framework; includeInIndex = 0; path = Pods_Tumblr_Part_1UITests.framework; sourceTree = BUILT_PRODUCTS_DIR; };
		6495FAD8464D5B24699E75F5 /* Pods_Tumblr_Part_1.framework */ = {isa = PBXFileReference; explicitFileType = wrapper.framework; includeInIndex = 0; path = Pods_Tumblr_Part_1.framework; sourceTree = BUILT_PRODUCTS_DIR; };
		911D212EAC211A7E811E303C /* Pods-Tumblr Part 1.debug.xcconfig */ = {isa = PBXFileReference; includeInIndex = 1; lastKnownFileType = text.xcconfig; name = "Pods-Tumblr Part 1.debug.xcconfig"; path = "Target Support Files/Pods-Tumblr Part 1/Pods-Tumblr Part 1.debug.xcconfig"; sourceTree = "<group>"; };
		948498455A1CD2F8BB468D2F /* Pods-Tumblr Part 1.release.xcconfig */ = {isa = PBXFileReference; includeInIndex = 1; lastKnownFileType = text.xcconfig; name = "Pods-Tumblr Part 1.release.xcconfig"; path = "Target Support Files/Pods-Tumblr Part 1/Pods-Tumblr Part 1.release.xcconfig"; sourceTree = "<group>"; };
		9DB565FD37ED003184FD0361 /* Pods-Tumblr Part 1Tests.debug.xcconfig */ = {isa = PBXFileReference; includeInIndex = 1; lastKnownFileType = text.xcconfig; name = "Pods-Tumblr Part 1Tests.debug.xcconfig"; path = "Target Support Files/Pods-Tumblr Part 1Tests/Pods-Tumblr Part 1Tests.debug.xcconfig"; sourceTree = "<group>"; };
		AFAE925C61C1CC13CBA416AA /* Pods-Tumblr Part 1Tests.release.xcconfig */ = {isa = PBXFileReference; includeInIndex = 1; lastKnownFileType = text.xcconfig; name = "Pods-Tumblr Part 1Tests.release.xcconfig"; path = "Target Support Files/Pods-Tumblr Part 1Tests/Pods-Tumblr Part 1Tests.release.xcconfig"; sourceTree = "<group>"; };
		C0817FCEC78ACFF1D013F0D6 /* Pods-Tumblr Part 1UITests.release.xcconfig */ = {isa = PBXFileReference; includeInIndex = 1; lastKnownFileType = text.xcconfig; name = "Pods-Tumblr Part 1UITests.release.xcconfig"; path = "Target Support Files/Pods-Tumblr Part 1UITests/Pods-Tumblr Part 1UITests.release.xcconfig"; sourceTree = "<group>"; };
		EFCD14DF5E2683019EE82C8B /* Pods_Tumblr_Part_1Tests.framework */ = {isa = PBXFileReference; explicitFileType = wrapper.framework; includeInIndex = 0; path = Pods_Tumblr_Part_1Tests.framework; sourceTree = BUILT_PRODUCTS_DIR; };
/* End PBXFileReference section */

/* Begin PBXFrameworksBuildPhase section */
		14F14CA223317FE6001781DE /* Frameworks */ = {
			isa = PBXFrameworksBuildPhase;
			buildActionMask = 2147483647;
			files = (
				B077A73BA273F78335EACD26 /* Pods_Tumblr_Part_1.framework in Frameworks */,
			);
			runOnlyForDeploymentPostprocessing = 0;
		};
		14F14CB623317FE7001781DE /* Frameworks */ = {
			isa = PBXFrameworksBuildPhase;
			buildActionMask = 2147483647;
			files = (
				1EA749A19D36C5FEFBDCBEF9 /* Pods_Tumblr_Part_1Tests.framework in Frameworks */,
			);
			runOnlyForDeploymentPostprocessing = 0;
		};
		14F14CC123317FE7001781DE /* Frameworks */ = {
			isa = PBXFrameworksBuildPhase;
			buildActionMask = 2147483647;
			files = (
				9D92D9660712F03F628F6A2D /* Pods_Tumblr_Part_1UITests.framework in Frameworks */,
			);
			runOnlyForDeploymentPostprocessing = 0;
		};
/* End PBXFrameworksBuildPhase section */

/* Begin PBXGroup section */
		14F14C9C23317FE6001781DE = {
			isa = PBXGroup;
			children = (
				14F14CA723317FE6001781DE /* Tumblr Part 1 */,
				14F14CBC23317FE7001781DE /* Tumblr Part 1Tests */,
				14F14CC723317FE7001781DE /* Tumblr Part 1UITests */,
				14F14CA623317FE6001781DE /* Products */,
				9F4664FF6EAD5E7F7274E2B3 /* Pods */,
				8341A84C1D5A6D22880464B9 /* Frameworks */,
			);
			sourceTree = "<group>";
		};
		14F14CA623317FE6001781DE /* Products */ = {
			isa = PBXGroup;
			children = (
				14F14CA523317FE6001781DE /* Tumblr Part 1.app */,
				14F14CB923317FE7001781DE /* Tumblr Part 1Tests.xctest */,
				14F14CC423317FE7001781DE /* Tumblr Part 1UITests.xctest */,
			);
			name = Products;
			sourceTree = "<group>";
		};
		14F14CA723317FE6001781DE /* Tumblr Part 1 */ = {
			isa = PBXGroup;
			children = (
				14F14CA823317FE6001781DE /* AppDelegate.swift */,
				14F14CAC23317FE6001781DE /* Main.storyboard */,
				14F14CD823318BF6001781DE /* PhotoCell.swift */,
				14F14CAF23317FE7001781DE /* Assets.xcassets */,
				14F14CB123317FE7001781DE /* LaunchScreen.storyboard */,
				14F14CB423317FE7001781DE /* Info.plist */,
				14F14CD623318071001781DE /* PhotosViewController.swift */,
			);
			path = "Tumblr Part 1";
			sourceTree = "<group>";
		};
		14F14CBC23317FE7001781DE /* Tumblr Part 1Tests */ = {
			isa = PBXGroup;
			children = (
				14F14CBD23317FE7001781DE /* Tumblr_Part_1Tests.swift */,
				14F14CBF23317FE7001781DE /* Info.plist */,
			);
			path = "Tumblr Part 1Tests";
			sourceTree = "<group>";
		};
		14F14CC723317FE7001781DE /* Tumblr Part 1UITests */ = {
			isa = PBXGroup;
			children = (
				14F14CC823317FE7001781DE /* Tumblr_Part_1UITests.swift */,
				14F14CCA23317FE7001781DE /* Info.plist */,
			);
			path = "Tumblr Part 1UITests";
			sourceTree = "<group>";
		};
		8341A84C1D5A6D22880464B9 /* Frameworks */ = {
			isa = PBXGroup;
			children = (
				6495FAD8464D5B24699E75F5 /* Pods_Tumblr_Part_1.framework */,
				EFCD14DF5E2683019EE82C8B /* Pods_Tumblr_Part_1Tests.framework */,
				3A81735C76A0C461FE05263F /* Pods_Tumblr_Part_1UITests.framework */,
			);
			name = Frameworks;
			sourceTree = "<group>";
		};
		9F4664FF6EAD5E7F7274E2B3 /* Pods */ = {
			isa = PBXGroup;
			children = (
				911D212EAC211A7E811E303C /* Pods-Tumblr Part 1.debug.xcconfig */,
				948498455A1CD2F8BB468D2F /* Pods-Tumblr Part 1.release.xcconfig */,
				9DB565FD37ED003184FD0361 /* Pods-Tumblr Part 1Tests.debug.xcconfig */,
				AFAE925C61C1CC13CBA416AA /* Pods-Tumblr Part 1Tests.release.xcconfig */,
				2B94E4F8FA5133C499B85116 /* Pods-Tumblr Part 1UITests.debug.xcconfig */,
				C0817FCEC78ACFF1D013F0D6 /* Pods-Tumblr Part 1UITests.release.xcconfig */,
			);
			name = Pods;
			path = Pods;
			sourceTree = "<group>";
		};
/* End PBXGroup section */

/* Begin PBXNativeTarget section */
		14F14CA423317FE6001781DE /* Tumblr Part 1 */ = {
			isa = PBXNativeTarget;
			buildConfigurationList = 14F14CCD23317FE7001781DE /* Build configuration list for PBXNativeTarget "Tumblr Part 1" */;
			buildPhases = (
				1F072155E8CEFEBC6D9C5803 /* [CP] Check Pods Manifest.lock */,
				14F14CA123317FE6001781DE /* Sources */,
				14F14CA223317FE6001781DE /* Frameworks */,
				14F14CA323317FE6001781DE /* Resources */,
				59680145B8E0D1696B0B6683 /* [CP] Embed Pods Frameworks */,
			);
			buildRules = (
			);
			dependencies = (
			);
			name = "Tumblr Part 1";
			productName = "Tumblr Part 1";
			productReference = 14F14CA523317FE6001781DE /* Tumblr Part 1.app */;
			productType = "com.apple.product-type.application";
		};
		14F14CB823317FE7001781DE /* Tumblr Part 1Tests */ = {
			isa = PBXNativeTarget;
			buildConfigurationList = 14F14CD023317FE7001781DE /* Build configuration list for PBXNativeTarget "Tumblr Part 1Tests" */;
			buildPhases = (
				076652C56BE1870A91EEFE19 /* [CP] Check Pods Manifest.lock */,
				14F14CB523317FE7001781DE /* Sources */,
				14F14CB623317FE7001781DE /* Frameworks */,
				14F14CB723317FE7001781DE /* Resources */,
			);
			buildRules = (
			);
			dependencies = (
				14F14CBB23317FE7001781DE /* PBXTargetDependency */,
			);
			name = "Tumblr Part 1Tests";
			productName = "Tumblr Part 1Tests";
			productReference = 14F14CB923317FE7001781DE /* Tumblr Part 1Tests.xctest */;
			productType = "com.apple.product-type.bundle.unit-test";
		};
		14F14CC323317FE7001781DE /* Tumblr Part 1UITests */ = {
			isa = PBXNativeTarget;
			buildConfigurationList = 14F14CD323317FE7001781DE /* Build configuration list for PBXNativeTarget "Tumblr Part 1UITests" */;
			buildPhases = (
				C5EF3C51840FFEBA3AA6880C /* [CP] Check Pods Manifest.lock */,
				14F14CC023317FE7001781DE /* Sources */,
				14F14CC123317FE7001781DE /* Frameworks */,
				14F14CC223317FE7001781DE /* Resources */,
			);
			buildRules = (
			);
			dependencies = (
				14F14CC623317FE7001781DE /* PBXTargetDependency */,
			);
			name = "Tumblr Part 1UITests";
			productName = "Tumblr Part 1UITests";
			productReference = 14F14CC423317FE7001781DE /* Tumblr Part 1UITests.xctest */;
			productType = "com.apple.product-type.bundle.ui-testing";
		};
/* End PBXNativeTarget section */

/* Begin PBXProject section */
		14F14C9D23317FE6001781DE /* Project object */ = {
			isa = PBXProject;
			attributes = {
				LastSwiftUpdateCheck = 1000;
				LastUpgradeCheck = 1000;
				ORGANIZATIONNAME = "Ana Santos";
				TargetAttributes = {
					14F14CA423317FE6001781DE = {
						CreatedOnToolsVersion = 10.0;
					};
					14F14CB823317FE7001781DE = {
						CreatedOnToolsVersion = 10.0;
						TestTargetID = 14F14CA423317FE6001781DE;
					};
					14F14CC323317FE7001781DE = {
						CreatedOnToolsVersion = 10.0;
						TestTargetID = 14F14CA423317FE6001781DE;
					};
				};
			};
			buildConfigurationList = 14F14CA023317FE6001781DE /* Build configuration list for PBXProject "Tumblr Part 1" */;
			compatibilityVersion = "Xcode 9.3";
			developmentRegion = en;
			hasScannedForEncodings = 0;
			knownRegions = (
				en,
				Base,
			);
			mainGroup = 14F14C9C23317FE6001781DE;
			productRefGroup = 14F14CA623317FE6001781DE /* Products */;
			projectDirPath = "";
			projectRoot = "";
			targets = (
				14F14CA423317FE6001781DE /* Tumblr Part 1 */,
				14F14CB823317FE7001781DE /* Tumblr Part 1Tests */,
				14F14CC323317FE7001781DE /* Tumblr Part 1UITests */,
			);
		};
/* End PBXProject section */

/* Begin PBXResourcesBuildPhase section */
		14F14CA323317FE6001781DE /* Resources */ = {
			isa = PBXResourcesBuildPhase;
			buildActionMask = 2147483647;
			files = (
				14F14CB323317FE7001781DE /* LaunchScreen.storyboard in Resources */,
				14F14CB023317FE7001781DE /* Assets.xcassets in Resources */,
				14F14CAE23317FE6001781DE /* Main.storyboard in Resources */,
			);
			runOnlyForDeploymentPostprocessing = 0;
		};
		14F14CB723317FE7001781DE /* Resources */ = {
			isa = PBXResourcesBuildPhase;
			buildActionMask = 2147483647;
			files = (
			);
			runOnlyForDeploymentPostprocessing = 0;
		};
		14F14CC223317FE7001781DE /* Resources */ = {
			isa = PBXResourcesBuildPhase;
			buildActionMask = 2147483647;
			files = (
			);
			runOnlyForDeploymentPostprocessing = 0;
		};
/* End PBXResourcesBuildPhase section */

/* Begin PBXShellScriptBuildPhase section */
		076652C56BE1870A91EEFE19 /* [CP] Check Pods Manifest.lock */ = {
			isa = PBXShellScriptBuildPhase;
			buildActionMask = 2147483647;
			files = (
			);
			inputFileListPaths = (
			);
			inputPaths = (
				"${PODS_PODFILE_DIR_PATH}/Podfile.lock",
				"${PODS_ROOT}/Manifest.lock",
			);
			name = "[CP] Check Pods Manifest.lock";
			outputFileListPaths = (
			);
			outputPaths = (
				"$(DERIVED_FILE_DIR)/Pods-Tumblr Part 1Tests-checkManifestLockResult.txt",
			);
			runOnlyForDeploymentPostprocessing = 0;
			shellPath = /bin/sh;
			shellScript = "diff \"${PODS_PODFILE_DIR_PATH}/Podfile.lock\" \"${PODS_ROOT}/Manifest.lock\" > /dev/null\nif [ $? != 0 ] ; then\n    # print error to STDERR\n    echo \"error: The sandbox is not in sync with the Podfile.lock. Run 'pod install' or update your CocoaPods installation.\" >&2\n    exit 1\nfi\n# This output is used by Xcode 'outputs' to avoid re-running this script phase.\necho \"SUCCESS\" > \"${SCRIPT_OUTPUT_FILE_0}\"\n";
			showEnvVarsInLog = 0;
		};
		1F072155E8CEFEBC6D9C5803 /* [CP] Check Pods Manifest.lock */ = {
			isa = PBXShellScriptBuildPhase;
			buildActionMask = 2147483647;
			files = (
			);
			inputFileListPaths = (
			);
			inputPaths = (
				"${PODS_PODFILE_DIR_PATH}/Podfile.lock",
				"${PODS_ROOT}/Manifest.lock",
			);
			name = "[CP] Check Pods Manifest.lock";
			outputFileListPaths = (
			);
			outputPaths = (
				"$(DERIVED_FILE_DIR)/Pods-Tumblr Part 1-checkManifestLockResult.txt",
			);
			runOnlyForDeploymentPostprocessing = 0;
			shellPath = /bin/sh;
			shellScript = "diff \"${PODS_PODFILE_DIR_PATH}/Podfile.lock\" \"${PODS_ROOT}/Manifest.lock\" > /dev/null\nif [ $? != 0 ] ; then\n    # print error to STDERR\n    echo \"error: The sandbox is not in sync with the Podfile.lock. Run 'pod install' or update your CocoaPods installation.\" >&2\n    exit 1\nfi\n# This output is used by Xcode 'outputs' to avoid re-running this script phase.\necho \"SUCCESS\" > \"${SCRIPT_OUTPUT_FILE_0}\"\n";
			showEnvVarsInLog = 0;
		};
		59680145B8E0D1696B0B6683 /* [CP] Embed Pods Frameworks */ = {
			isa = PBXShellScriptBuildPhase;
			buildActionMask = 2147483647;
			files = (
			);
			inputFileListPaths = (
				"${PODS_ROOT}/Target Support Files/Pods-Tumblr Part 1/Pods-Tumblr Part 1-frameworks-${CONFIGURATION}-input-files.xcfilelist",
			);
			name = "[CP] Embed Pods Frameworks";
			outputFileListPaths = (
				"${PODS_ROOT}/Target Support Files/Pods-Tumblr Part 1/Pods-Tumblr Part 1-frameworks-${CONFIGURATION}-output-files.xcfilelist",
			);
			runOnlyForDeploymentPostprocessing = 0;
			shellPath = /bin/sh;
			shellScript = "\"${PODS_ROOT}/Target Support Files/Pods-Tumblr Part 1/Pods-Tumblr Part 1-frameworks.sh\"\n";
			showEnvVarsInLog = 0;
		};
		C5EF3C51840FFEBA3AA6880C /* [CP] Check Pods Manifest.lock */ = {
			isa = PBXShellScriptBuildPhase;
			buildActionMask = 2147483647;
			files = (
			);
			inputFileListPaths = (
			);
			inputPaths = (
				"${PODS_PODFILE_DIR_PATH}/Podfile.lock",
				"${PODS_ROOT}/Manifest.lock",
			);
			name = "[CP] Check Pods Manifest.lock";
			outputFileListPaths = (
			);
			outputPaths = (
				"$(DERIVED_FILE_DIR)/Pods-Tumblr Part 1UITests-checkManifestLockResult.txt",
			);
			runOnlyForDeploymentPostprocessing = 0;
			shellPath = /bin/sh;
			shellScript = "diff \"${PODS_PODFILE_DIR_PATH}/Podfile.lock\" \"${PODS_ROOT}/Manifest.lock\" > /dev/null\nif [ $? != 0 ] ; then\n    # print error to STDERR\n    echo \"error: The sandbox is not in sync with the Podfile.lock. Run 'pod install' or update your CocoaPods installation.\" >&2\n    exit 1\nfi\n# This output is used by Xcode 'outputs' to avoid re-running this script phase.\necho \"SUCCESS\" > \"${SCRIPT_OUTPUT_FILE_0}\"\n";
			showEnvVarsInLog = 0;
		};
/* End PBXShellScriptBuildPhase section */

/* Begin PBXSourcesBuildPhase section */
		14F14CA123317FE6001781DE /* Sources */ = {
			isa = PBXSourcesBuildPhase;
			buildActionMask = 2147483647;
			files = (
				14F14CA923317FE6001781DE /* AppDelegate.swift in Sources */,
				14F14CD923318BF6001781DE /* PhotoCell.swift in Sources */,
				14F14CD723318071001781DE /* PhotosViewController.swift in Sources */,
			);
			runOnlyForDeploymentPostprocessing = 0;
		};
		14F14CB523317FE7001781DE /* Sources */ = {
			isa = PBXSourcesBuildPhase;
			buildActionMask = 2147483647;
			files = (
				14F14CBE23317FE7001781DE /* Tumblr_Part_1Tests.swift in Sources */,
			);
			runOnlyForDeploymentPostprocessing = 0;
		};
		14F14CC023317FE7001781DE /* Sources */ = {
			isa = PBXSourcesBuildPhase;
			buildActionMask = 2147483647;
			files = (
				14F14CC923317FE7001781DE /* Tumblr_Part_1UITests.swift in Sources */,
			);
			runOnlyForDeploymentPostprocessing = 0;
		};
/* End PBXSourcesBuildPhase section */

/* Begin PBXTargetDependency section */
		14F14CBB23317FE7001781DE /* PBXTargetDependency */ = {
			isa = PBXTargetDependency;
			target = 14F14CA423317FE6001781DE /* Tumblr Part 1 */;
			targetProxy = 14F14CBA23317FE7001781DE /* PBXContainerItemProxy */;
		};
		14F14CC623317FE7001781DE /* PBXTargetDependency */ = {
			isa = PBXTargetDependency;
			target = 14F14CA423317FE6001781DE /* Tumblr Part 1 */;
			targetProxy = 14F14CC523317FE7001781DE /* PBXContainerItemProxy */;
		};
/* End PBXTargetDependency section */

/* Begin PBXVariantGroup section */
		14F14CAC23317FE6001781DE /* Main.storyboard */ = {
			isa = PBXVariantGroup;
			children = (
				14F14CAD23317FE6001781DE /* Base */,
			);
			name = Main.storyboard;
			sourceTree = "<group>";
		};
		14F14CB123317FE7001781DE /* LaunchScreen.storyboard */ = {
			isa = PBXVariantGroup;
			children = (
				14F14CB223317FE7001781DE /* Base */,
			);
			name = LaunchScreen.storyboard;
			sourceTree = "<group>";
		};
/* End PBXVariantGroup section */

/* Begin XCBuildConfiguration section */
		14F14CCB23317FE7001781DE /* Debug */ = {
			isa = XCBuildConfiguration;
			buildSettings = {
				ALWAYS_SEARCH_USER_PATHS = NO;
				CLANG_ANALYZER_NONNULL = YES;
				CLANG_ANALYZER_NUMBER_OBJECT_CONVERSION = YES_AGGRESSIVE;
				CLANG_CXX_LANGUAGE_STANDARD = "gnu++14";
				CLANG_CXX_LIBRARY = "libc++";
				CLANG_ENABLE_MODULES = YES;
				CLANG_ENABLE_OBJC_ARC = YES;
				CLANG_ENABLE_OBJC_WEAK = YES;
				CLANG_WARN_BLOCK_CAPTURE_AUTORELEASING = YES;
				CLANG_WARN_BOOL_CONVERSION = YES;
				CLANG_WARN_COMMA = YES;
				CLANG_WARN_CONSTANT_CONVERSION = YES;
				CLANG_WARN_DEPRECATED_OBJC_IMPLEMENTATIONS = YES;
				CLANG_WARN_DIRECT_OBJC_ISA_USAGE = YES_ERROR;
				CLANG_WARN_DOCUMENTATION_COMMENTS = YES;
				CLANG_WARN_EMPTY_BODY = YES;
				CLANG_WARN_ENUM_CONVERSION = YES;
				CLANG_WARN_INFINITE_RECURSION = YES;
				CLANG_WARN_INT_CONVERSION = YES;
				CLANG_WARN_NON_LITERAL_NULL_CONVERSION = YES;
				CLANG_WARN_OBJC_IMPLICIT_RETAIN_SELF = YES;
				CLANG_WARN_OBJC_LITERAL_CONVERSION = YES;
				CLANG_WARN_OBJC_ROOT_CLASS = YES_ERROR;
				CLANG_WARN_RANGE_LOOP_ANALYSIS = YES;
				CLANG_WARN_STRICT_PROTOTYPES = YES;
				CLANG_WARN_SUSPICIOUS_MOVE = YES;
				CLANG_WARN_UNGUARDED_AVAILABILITY = YES_AGGRESSIVE;
				CLANG_WARN_UNREACHABLE_CODE = YES;
				CLANG_WARN__DUPLICATE_METHOD_MATCH = YES;
				CODE_SIGN_IDENTITY = "iPhone Developer";
				COPY_PHASE_STRIP = NO;
				DEBUG_INFORMATION_FORMAT = dwarf;
				ENABLE_STRICT_OBJC_MSGSEND = YES;
				ENABLE_TESTABILITY = YES;
				GCC_C_LANGUAGE_STANDARD = gnu11;
				GCC_DYNAMIC_NO_PIC = NO;
				GCC_NO_COMMON_BLOCKS = YES;
				GCC_OPTIMIZATION_LEVEL = 0;
				GCC_PREPROCESSOR_DEFINITIONS = (
					"DEBUG=1",
					"$(inherited)",
				);
				GCC_WARN_64_TO_32_BIT_CONVERSION = YES;
				GCC_WARN_ABOUT_RETURN_TYPE = YES_ERROR;
				GCC_WARN_UNDECLARED_SELECTOR = YES;
				GCC_WARN_UNINITIALIZED_AUTOS = YES_AGGRESSIVE;
				GCC_WARN_UNUSED_FUNCTION = YES;
				GCC_WARN_UNUSED_VARIABLE = YES;
				IPHONEOS_DEPLOYMENT_TARGET = 12.0;
				MTL_ENABLE_DEBUG_INFO = INCLUDE_SOURCE;
				MTL_FAST_MATH = YES;
				ONLY_ACTIVE_ARCH = YES;
				SDKROOT = iphoneos;
				SWIFT_ACTIVE_COMPILATION_CONDITIONS = DEBUG;
				SWIFT_OPTIMIZATION_LEVEL = "-Onone";
			};
			name = Debug;
		};
		14F14CCC23317FE7001781DE /* Release */ = {
			isa = XCBuildConfiguration;
			buildSettings = {
				ALWAYS_SEARCH_USER_PATHS = NO;
				CLANG_ANALYZER_NONNULL = YES;
				CLANG_ANALYZER_NUMBER_OBJECT_CONVERSION = YES_AGGRESSIVE;
				CLANG_CXX_LANGUAGE_STANDARD = "gnu++14";
				CLANG_CXX_LIBRARY = "libc++";
				CLANG_ENABLE_MODULES = YES;
				CLANG_ENABLE_OBJC_ARC = YES;
				CLANG_ENABLE_OBJC_WEAK = YES;
				CLANG_WARN_BLOCK_CAPTURE_AUTORELEASING = YES;
				CLANG_WARN_BOOL_CONVERSION = YES;
				CLANG_WARN_COMMA = YES;
				CLANG_WARN_CONSTANT_CONVERSION = YES;
				CLANG_WARN_DEPRECATED_OBJC_IMPLEMENTATIONS = YES;
				CLANG_WARN_DIRECT_OBJC_ISA_USAGE = YES_ERROR;
				CLANG_WARN_DOCUMENTATION_COMMENTS = YES;
				CLANG_WARN_EMPTY_BODY = YES;
				CLANG_WARN_ENUM_CONVERSION = YES;
				CLANG_WARN_INFINITE_RECURSION = YES;
				CLANG_WARN_INT_CONVERSION = YES;
				CLANG_WARN_NON_LITERAL_NULL_CONVERSION = YES;
				CLANG_WARN_OBJC_IMPLICIT_RETAIN_SELF = YES;
				CLANG_WARN_OBJC_LITERAL_CONVERSION = YES;
				CLANG_WARN_OBJC_ROOT_CLASS = YES_ERROR;
				CLANG_WARN_RANGE_LOOP_ANALYSIS = YES;
				CLANG_WARN_STRICT_PROTOTYPES = YES;
				CLANG_WARN_SUSPICIOUS_MOVE = YES;
				CLANG_WARN_UNGUARDED_AVAILABILITY = YES_AGGRESSIVE;
				CLANG_WARN_UNREACHABLE_CODE = YES;
				CLANG_WARN__DUPLICATE_METHOD_MATCH = YES;
				CODE_SIGN_IDENTITY = "iPhone Developer";
				COPY_PHASE_STRIP = NO;
				DEBUG_INFORMATION_FORMAT = "dwarf-with-dsym";
				ENABLE_NS_ASSERTIONS = NO;
				ENABLE_STRICT_OBJC_MSGSEND = YES;
				GCC_C_LANGUAGE_STANDARD = gnu11;
				GCC_NO_COMMON_BLOCKS = YES;
				GCC_WARN_64_TO_32_BIT_CONVERSION = YES;
				GCC_WARN_ABOUT_RETURN_TYPE = YES_ERROR;
				GCC_WARN_UNDECLARED_SELECTOR = YES;
				GCC_WARN_UNINITIALIZED_AUTOS = YES_AGGRESSIVE;
				GCC_WARN_UNUSED_FUNCTION = YES;
				GCC_WARN_UNUSED_VARIABLE = YES;
				IPHONEOS_DEPLOYMENT_TARGET = 12.0;
				MTL_ENABLE_DEBUG_INFO = NO;
				MTL_FAST_MATH = YES;
				SDKROOT = iphoneos;
				SWIFT_COMPILATION_MODE = wholemodule;
				SWIFT_OPTIMIZATION_LEVEL = "-O";
				VALIDATE_PRODUCT = YES;
			};
			name = Release;
		};
		14F14CCE23317FE7001781DE /* Debug */ = {
			isa = XCBuildConfiguration;
			baseConfigurationReference = 911D212EAC211A7E811E303C /* Pods-Tumblr Part 1.debug.xcconfig */;
			buildSettings = {
				ASSETCATALOG_COMPILER_APPICON_NAME = AppIcon;
				CODE_SIGN_STYLE = Automatic;
				INFOPLIST_FILE = "Tumblr Part 1/Info.plist";
				LD_RUNPATH_SEARCH_PATHS = (
					"$(inherited)",
					"@executable_path/Frameworks",
				);
				PRODUCT_BUNDLE_IDENTIFIER = "AnaSantos.Tumblr-Part-1";
				PRODUCT_NAME = "$(TARGET_NAME)";
				SWIFT_VERSION = 4.2;
				TARGETED_DEVICE_FAMILY = "1,2";
			};
			name = Debug;
		};
		14F14CCF23317FE7001781DE /* Release */ = {
			isa = XCBuildConfiguration;
			baseConfigurationReference = 948498455A1CD2F8BB468D2F /* Pods-Tumblr Part 1.release.xcconfig */;
			buildSettings = {
				ASSETCATALOG_COMPILER_APPICON_NAME = AppIcon;
				CODE_SIGN_STYLE = Automatic;
				INFOPLIST_FILE = "Tumblr Part 1/Info.plist";
				LD_RUNPATH_SEARCH_PATHS = (
					"$(inherited)",
					"@executable_path/Frameworks",
				);
				PRODUCT_BUNDLE_IDENTIFIER = "AnaSantos.Tumblr-Part-1";
				PRODUCT_NAME = "$(TARGET_NAME)";
				SWIFT_VERSION = 4.2;
				TARGETED_DEVICE_FAMILY = "1,2";
			};
			name = Release;
		};
		14F14CD123317FE7001781DE /* Debug */ = {
			isa = XCBuildConfiguration;
			baseConfigurationReference = 9DB565FD37ED003184FD0361 /* Pods-Tumblr Part 1Tests.debug.xcconfig */;
			buildSettings = {
				ALWAYS_EMBED_SWIFT_STANDARD_LIBRARIES = YES;
				BUNDLE_LOADER = "$(TEST_HOST)";
				CODE_SIGN_STYLE = Automatic;
				INFOPLIST_FILE = "Tumblr Part 1Tests/Info.plist";
				LD_RUNPATH_SEARCH_PATHS = (
					"$(inherited)",
					"@executable_path/Frameworks",
					"@loader_path/Frameworks",
				);
				PRODUCT_BUNDLE_IDENTIFIER = "AnaSantos.Tumblr-Part-1Tests";
				PRODUCT_NAME = "$(TARGET_NAME)";
				SWIFT_VERSION = 4.2;
				TARGETED_DEVICE_FAMILY = "1,2";
				TEST_HOST = "$(BUILT_PRODUCTS_DIR)/Tumblr Part 1.app/Tumblr Part 1";
			};
			name = Debug;
		};
		14F14CD223317FE7001781DE /* Release */ = {
			isa = XCBuildConfiguration;
			baseConfigurationReference = AFAE925C61C1CC13CBA416AA /* Pods-Tumblr Part 1Tests.release.xcconfig */;
			buildSettings = {
				ALWAYS_EMBED_SWIFT_STANDARD_LIBRARIES = YES;
				BUNDLE_LOADER = "$(TEST_HOST)";
				CODE_SIGN_STYLE = Automatic;
				INFOPLIST_FILE = "Tumblr Part 1Tests/Info.plist";
				LD_RUNPATH_SEARCH_PATHS = (
					"$(inherited)",
					"@executable_path/Frameworks",
					"@loader_path/Frameworks",
				);
				PRODUCT_BUNDLE_IDENTIFIER = "AnaSantos.Tumblr-Part-1Tests";
				PRODUCT_NAME = "$(TARGET_NAME)";
				SWIFT_VERSION = 4.2;
				TARGETED_DEVICE_FAMILY = "1,2";
				TEST_HOST = "$(BUILT_PRODUCTS_DIR)/Tumblr Part 1.app/Tumblr Part 1";
			};
			name = Release;
		};
		14F14CD423317FE7001781DE /* Debug */ = {
			isa = XCBuildConfiguration;
			baseConfigurationReference = 2B94E4F8FA5133C499B85116 /* Pods-Tumblr Part 1UITests.debug.xcconfig */;
			buildSettings = {
				ALWAYS_EMBED_SWIFT_STANDARD_LIBRARIES = YES;
				CODE_SIGN_STYLE = Automatic;
				INFOPLIST_FILE = "Tumblr Part 1UITests/Info.plist";
				LD_RUNPATH_SEARCH_PATHS = (
					"$(inherited)",
					"@executable_path/Frameworks",
					"@loader_path/Frameworks",
				);
				PRODUCT_BUNDLE_IDENTIFIER = "AnaSantos.Tumblr-Part-1UITests";
				PRODUCT_NAME = "$(TARGET_NAME)";
				SWIFT_VERSION = 4.2;
				TARGETED_DEVICE_FAMILY = "1,2";
				TEST_TARGET_NAME = "Tumblr Part 1";
			};
			name = Debug;
		};
		14F14CD523317FE7001781DE /* Release */ = {
			isa = XCBuildConfiguration;
			baseConfigurationReference = C0817FCEC78ACFF1D013F0D6 /* Pods-Tumblr Part 1UITests.release.xcconfig */;
			buildSettings = {
				ALWAYS_EMBED_SWIFT_STANDARD_LIBRARIES = YES;
				CODE_SIGN_STYLE = Automatic;
				INFOPLIST_FILE = "Tumblr Part 1UITests/Info.plist";
				LD_RUNPATH_SEARCH_PATHS = (
					"$(inherited)",
					"@executable_path/Frameworks",
					"@loader_path/Frameworks",
				);
				PRODUCT_BUNDLE_IDENTIFIER = "AnaSantos.Tumblr-Part-1UITests";
				PRODUCT_NAME = "$(TARGET_NAME)";
				SWIFT_VERSION = 4.2;
				TARGETED_DEVICE_FAMILY = "1,2";
				TEST_TARGET_NAME = "Tumblr Part 1";
			};
			name = Release;
		};
/* End XCBuildConfiguration section */

/* Begin XCConfigurationList section */
		14F14CA023317FE6001781DE /* Build configuration list for PBXProject "Tumblr Part 1" */ = {
			isa = XCConfigurationList;
			buildConfigurations = (
				14F14CCB23317FE7001781DE /* Debug */,
				14F14CCC23317FE7001781DE /* Release */,
			);
			defaultConfigurationIsVisible = 0;
			defaultConfigurationName = Release;
		};
		14F14CCD23317FE7001781DE /* Build configuration list for PBXNativeTarget "Tumblr Part 1" */ = {
			isa = XCConfigurationList;
			buildConfigurations = (
				14F14CCE23317FE7001781DE /* Debug */,
				14F14CCF23317FE7001781DE /* Release */,
			);
			defaultConfigurationIsVisible = 0;
			defaultConfigurationName = Release;
		};
		14F14CD023317FE7001781DE /* Build configuration list for PBXNativeTarget "Tumblr Part 1Tests" */ = {
			isa = XCConfigurationList;
			buildConfigurations = (
				14F14CD123317FE7001781DE /* Debug */,
				14F14CD223317FE7001781DE /* Release */,
			);
			defaultConfigurationIsVisible = 0;
			defaultConfigurationName = Release;
		};
		14F14CD323317FE7001781DE /* Build configuration list for PBXNativeTarget "Tumblr Part 1UITests" */ = {
			isa = XCConfigurationList;
			buildConfigurations = (
				14F14CD423317FE7001781DE /* Debug */,
				14F14CD523317FE7001781DE /* Release */,
			);
			defaultConfigurationIsVisible = 0;
			defaultConfigurationName = Release;
		};
/* End XCConfigurationList section */
	};
	rootObject = 14F14C9D23317FE6001781DE /* Project object */;
}
